
Microsoft Visual Studio Solution File, Format Version 12.00
# Visual Studio Version 17
VisualStudioVersion = 17.11.35303.130
MinimumVisualStudioVersion = 10.0.40219.1
Project("{9A19103F-16F7-4668-BE54-9A1E7A4F7556}") = "OutBox Project", "OutBox Project.csproj", "{393DC8B4-41E3-4551-ADEB-17D1871692ED}"
EndProject
Project("{2150E333-8FDC-42A3-9474-1A3956D46DE8}") = "Solution Items", "Solution Items", "{60A7785A-622A-4A00-ABFD-B723BF55D962}"
	ProjectSection(SolutionItems) = preProject
		.gitignore = .gitignore
	EndProjectSection
EndProject
Project("{FAE04EC0-301F-11D3-BF4B-00C04F79EFBC}") = "OutboxBroker", "..\OutboxBroker\OutboxBroker.csproj", "{859A74F5-443B-4ABF-A3D2-24631774BE27}"
EndProject
Global
	GlobalSection(SolutionConfigurationPlatforms) = preSolution
		Debug|Any CPU = Debug|Any CPU
		Release|Any CPU = Release|Any CPU
	EndGlobalSection
	GlobalSection(ProjectConfigurationPlatforms) = postSolution
		{393DC8B4-41E3-4551-ADEB-17D1871692ED}.Debug|Any CPU.ActiveCfg = Debug|Any CPU
		{393DC8B4-41E3-4551-ADEB-17D1871692ED}.Debug|Any CPU.Build.0 = Debug|Any CPU
		{393DC8B4-41E3-4551-ADEB-17D1871692ED}.Release|Any CPU.ActiveCfg = Release|Any CPU
		{393DC8B4-41E3-4551-ADEB-17D1871692ED}.Release|Any CPU.Build.0 = Release|Any CPU
		{859A74F5-443B-4ABF-A3D2-24631774BE27}.Debug|Any CPU.ActiveCfg = Debug|Any CPU
		{859A74F5-443B-4ABF-A3D2-24631774BE27}.Debug|Any CPU.Build.0 = Debug|Any CPU
		{859A74F5-443B-4ABF-A3D2-24631774BE27}.Release|Any CPU.ActiveCfg = Release|Any CPU
		{859A74F5-443B-4ABF-A3D2-24631774BE27}.Release|Any CPU.Build.0 = Release|Any CPU
	EndGlobalSection
	GlobalSection(SolutionProperties) = preSolution
		HideSolutionNode = FALSE
	EndGlobalSection
	GlobalSection(ExtensibilityGlobals) = postSolution
		SolutionGuid = {2859A1B7-EEE1-4E4E-9D3D-871DA214AD73}
	EndGlobalSection
EndGlobal
